PODS:
  - Capacitor (5.0.5):
    - CapacitorCordova
  - CapacitorCamera (5.0.4):
    - Capacitor
  - CapacitorCordova (5.0.5)
  - CapacitorLocalNotifications (5.0.4):
    - Capacitor

DEPENDENCIES:
  - "Capacitor (from `../../node_modules/@capacitor/ios`)"
  - "CapacitorCamera (from `../../node_modules/@capacitor/camera`)"
  - "CapacitorCordova (from `../../node_modules/@capacitor/ios`)"
  - "CapacitorLocalNotifications (from `../../node_modules/@capacitor/local-notifications`)"

EXTERNAL SOURCES:
  Capacitor:
    :path: "../../node_modules/@capacitor/ios"
  CapacitorCamera:
    :path: "../../node_modules/@capacitor/camera"
  CapacitorCordova:
    :path: "../../node_modules/@capacitor/ios"
  CapacitorLocalNotifications:
    :path: "../../node_modules/@capacitor/local-notifications"

SPEC CHECKSUMS:
  Capacitor: b1248915663add1bd6567e2b67c1c1fa3abcf5e8
  CapacitorCamera: 9b5c8e809c1042f263994f97ba846aa37e974f12
  CapacitorCordova: f8c06b897c74ee8f7701fe10e6443b40822bc83a
  CapacitorLocalNotifications: 2c95d27ccf9cc28ecc59d69b54d29074c1740172

PODFILE CHECKSUM: b62d39f1f9d0f8044084c298290cbda6978945df

COCOAPODS: 1.12.1
